Microsoft Visual Studio Solution File, Format Version 12.00
# Visual Studio Version 16
VisualStudioVersion = 16.0.28721.148
MinimumVisualStudioVersion = 10.0.40219.1
Project("{2150E333-8FDC-42A3-9474-1A3956D46DE8}") = "src", "src", "{52003D59-962F-488A-A712-85CB866D6ADF}"
EndProject
Project("{9A19103F-16F7-4668-BE54-9A1E7A4F7556}") = "Dommel", "src\Dommel\Dommel.csproj", "{9D3463BE-F1A3-4B31-A63F-6A84F36E3108}"
EndProject
Project("{2150E333-8FDC-42A3-9474-1A3956D46DE8}") = "test", "test", "{2AA4F2B7-9A15-4246-B7B8-084F75FAF208}"
EndProject
Project("{9A19103F-16F7-4668-BE54-9A1E7A4F7556}") = "Dommel.Tests", "test\Dommel.Tests\Dommel.Tests.csproj", "{DCB22D61-25D3-4C39-BB4C-D29E8EFFB88A}"
EndProject
Project("{9A19103F-16F7-4668-BE54-9A1E7A4F7556}") = "Dommel.IntegrationTests", "test\Dommel.IntegrationTests\Dommel.IntegrationTests.csproj", "{305C1E12-1F6D-4510-BD42-0C3F1BD838A1}"
EndProject
Project("{2150E333-8FDC-42A3-9474-1A3956D46DE8}") = "Solution Items", "Solution Items", "{B850D48C-10D3-4EF7-AE61-873068211FD2}"
	ProjectSection(SolutionItems) = preProject
		.appveyor.yml = .appveyor.yml
		.gitignore = .gitignore
		.travis.yml = .travis.yml
		build.cmd = build.cmd
		build.ps1 = build.ps1
		NuGet.Config = NuGet.Config
		README.md = README.md
	EndProjectSection
EndProject
Global
	GlobalSection(SolutionConfigurationPlatforms) = preSolution
		Debug|Any CPU = Debug|Any CPU
		Release|Any CPU = Release|Any CPU
	EndGlobalSection
	GlobalSection(ProjectConfigurationPlatforms) = postSolution
		{9D3463BE-F1A3-4B31-A63F-6A84F36E3108}.Debug|Any CPU.ActiveCfg = Debug|Any CPU
		{9D3463BE-F1A3-4B31-A63F-6A84F36E3108}.Debug|Any CPU.Build.0 = Debug|Any CPU
		{9D3463BE-F1A3-4B31-A63F-6A84F36E3108}.Release|Any CPU.ActiveCfg = Release|Any CPU
		{9D3463BE-F1A3-4B31-A63F-6A84F36E3108}.Release|Any CPU.Build.0 = Release|Any CPU
		{DCB22D61-25D3-4C39-BB4C-D29E8EFFB88A}.Debug|Any CPU.ActiveCfg = Debug|Any CPU
		{DCB22D61-25D3-4C39-BB4C-D29E8EFFB88A}.Debug|Any CPU.Build.0 = Debug|Any CPU
		{DCB22D61-25D3-4C39-BB4C-D29E8EFFB88A}.Release|Any CPU.ActiveCfg = Release|Any CPU
		{DCB22D61-25D3-4C39-BB4C-D29E8EFFB88A}.Release|Any CPU.Build.0 = Release|Any CPU
		{305C1E12-1F6D-4510-BD42-0C3F1BD838A1}.Debug|Any CPU.ActiveCfg = Debug|Any CPU
		{305C1E12-1F6D-4510-BD42-0C3F1BD838A1}.Debug|Any CPU.Build.0 = Debug|Any CPU
		{305C1E12-1F6D-4510-BD42-0C3F1BD838A1}.Release|Any CPU.ActiveCfg = Release|Any CPU
		{305C1E12-1F6D-4510-BD42-0C3F1BD838A1}.Release|Any CPU.Build.0 = Release|Any CPU
	EndGlobalSection
	GlobalSection(SolutionProperties) = preSolution
		HideSolutionNode = FALSE
	EndGlobalSection
	GlobalSection(NestedProjects) = preSolution
		{9D3463BE-F1A3-4B31-A63F-6A84F36E3108} = {52003D59-962F-488A-A712-85CB866D6ADF}
		{DCB22D61-25D3-4C39-BB4C-D29E8EFFB88A} = {2AA4F2B7-9A15-4246-B7B8-084F75FAF208}
		{305C1E12-1F6D-4510-BD42-0C3F1BD838A1} = {2AA4F2B7-9A15-4246-B7B8-084F75FAF208}
	EndGlobalSection
	GlobalSection(ExtensibilityGlobals) = postSolution
		SolutionGuid = {E763489D-74B8-4006-91E1-47F75B5D5E80}
	EndGlobalSection
EndGlobal
