
Microsoft Visual Studio Solution File, Format Version 12.00
# Visual Studio 15
VisualStudioVersion = 15.0.26114.2
MinimumVisualStudioVersion = 10.0.40219.1
Project("{2150E333-8FDC-42A3-9474-1A3956D46DE8}") = "src", "src", "{52003D59-962F-488A-A712-85CB866D6ADF}"
EndProject
Project("{FAE04EC0-301F-11D3-BF4B-00C04F79EFBC}") = "Dommel", "src\Dommel\Dommel.csproj", "{9D3463BE-F1A3-4B31-A63F-6A84F36E3108}"
EndProject
Global
	GlobalSection(SolutionConfigurationPlatforms) = preSolution
		Debug|Any CPU = Debug|Any CPU
		Release|Any CPU = Release|Any CPU
	EndGlobalSection
	GlobalSection(ProjectConfigurationPlatforms) = postSolution
		{9D3463BE-F1A3-4B31-A63F-6A84F36E3108}.Debug|Any CPU.ActiveCfg = Debug|Any CPU
		{9D3463BE-F1A3-4B31-A63F-6A84F36E3108}.Debug|Any CPU.Build.0 = Debug|Any CPU
		{9D3463BE-F1A3-4B31-A63F-6A84F36E3108}.Release|Any CPU.ActiveCfg = Release|Any CPU
		{9D3463BE-F1A3-4B31-A63F-6A84F36E3108}.Release|Any CPU.Build.0 = Release|Any CPU
	EndGlobalSection
	GlobalSection(SolutionProperties) = preSolution
		HideSolutionNode = FALSE
	EndGlobalSection
	GlobalSection(NestedProjects) = preSolution
		{9D3463BE-F1A3-4B31-A63F-6A84F36E3108} = {52003D59-962F-488A-A712-85CB866D6ADF}
	EndGlobalSection
EndGlobal
